// !$*UTF8*$!
{
	archiveVersion = 1;
	classes = {
	};
	objectVersion = 77;
	objects = {

/* Begin PBXGroup section */
		06C6CB462CFFF3E60042DCEC = {
			isa = PBXGroup;
			children = (
			);
			sourceTree = "<group>";
		};
/* End PBXGroup section */

/* Begin PBXProject section */
		06C6CB472CFFF3E60042DCEC /* Project object */ = {
			isa = PBXProject;
			attributes = {
				BuildIndependentTargetsInParallel = 1;
				LastUpgradeCheck = 1610;
			};
			buildConfigurationList = 06C6CB4A2CFFF3E60042DCEC /* Build configuration list for PBXProject "C++ project" */;
			developmentRegion = en;
			hasScannedForEncodings = 0;
			knownRegions = (
				en,
				Base,
			);
			mainGroup = 06C6CB462CFFF3E60042DCEC;
			minimizedProjectReferenceProxies = 1;
			preferredProjectObjectVersion = 77;
			projectDirPath = "";
			projectRoot = "";
			targets = (
			);
		};
/* End PBXProject section */

/* Begin XCBuildConfiguration section */
		06C6CB4B2CFFF3E60042DCEC /* Debug */ = {
			isa = XCBuildConfiguration;
			buildSettings = {
			};
			name = Debug;
		};
		06C6CB4C2CFFF3E60042DCEC /* Release */ = {
			isa = XCBuildConfiguration;
			buildSettings = {
			};
			name = Release;
		};
/* End XCBuildConfiguration section */

/* Begin XCConfigurationList section */
		06C6CB4A2CFFF3E60042DCEC /* Build configuration list for PBXProject "C++ project" */ = {
			isa = XCConfigurationList;
			buildConfigurations = (
				06C6CB4B2CFFF3E60042DCEC /* Debug */,
				06C6CB4C2CFFF3E60042DCEC /* Release */,
			);
			defaultConfigurationIsVisible = 0;
			defaultConfigurationName = Release;
		};
/* End XCConfigurationList section */
	};
	rootObject = 06C6CB472CFFF3E60042DCEC /* Project object */;
}
